
Microsoft Visual Studio Solution File, Format Version 12.00
# Visual Studio 15
VisualStudioVersion = 15.0.27130.2010
MinimumVisualStudioVersion = 10.0.40219.1
Project("{FAE04EC0-301F-11D3-BF4B-00C04F79EFBC}") = "HRLib", "HRLib\HRLib.csproj", "{B5733354-E953-4A82-88ED-9AE161411EE1}"
EndProject
Project("{FAE04EC0-301F-11D3-BF4B-00C04F79EFBC}") = "HRAPP", "HRAPP\HRAPP.csproj", "{1899697B-A301-43B3-8839-5D0E86F736C7}"
EndProject
Global
	GlobalSection(SolutionConfigurationPlatforms) = preSolution
		Debug|Any CPU = Debug|Any CPU
		Release|Any CPU = Release|Any CPU
	EndGlobalSection
	GlobalSection(ProjectConfigurationPlatforms) = postSolution
		{B5733354-E953-4A82-88ED-9AE161411EE1}.Debug|Any CPU.ActiveCfg = Debug|Any CPU
		{B5733354-E953-4A82-88ED-9AE161411EE1}.Debug|Any CPU.Build.0 = Debug|Any CPU
		{B5733354-E953-4A82-88ED-9AE161411EE1}.Release|Any CPU.ActiveCfg = Release|Any CPU
		{B5733354-E953-4A82-88ED-9AE161411EE1}.Release|Any CPU.Build.0 = Release|Any CPU
		{1899697B-A301-43B3-8839-5D0E86F736C7}.Debug|Any CPU.ActiveCfg = Debug|Any CPU
		{1899697B-A301-43B3-8839-5D0E86F736C7}.Debug|Any CPU.Build.0 = Debug|Any CPU
		{1899697B-A301-43B3-8839-5D0E86F736C7}.Release|Any CPU.ActiveCfg = Release|Any CPU
		{1899697B-A301-43B3-8839-5D0E86F736C7}.Release|Any CPU.Build.0 = Release|Any CPU
	EndGlobalSection
	GlobalSection(SolutionProperties) = preSolution
		HideSolutionNode = FALSE
	EndGlobalSection
	GlobalSection(ExtensibilityGlobals) = postSolution
		SolutionGuid = {DD000967-F3A1-44C9-8147-C568B432AE08}
	EndGlobalSection
EndGlobal
